
Microsoft Visual Studio Solution File, Format Version 12.00
# Visual Studio Version 17
VisualStudioVersion = 17.1.32228.430
MinimumVisualStudioVersion = 10.0.40219.1
Project("{FAE04EC0-301F-11D3-BF4B-00C04F79EFBC}") = "WarsztatV2_serwer", "WarsztatV2\WarsztatV2_serwer.csproj", "{D3ECCFBA-2BA5-4E7F-B610-09DD795BDF2E}"
EndProject
Project("{FAE04EC0-301F-11D3-BF4B-00C04F79EFBC}") = "WarsztatV2_klient", "WarsztatV2_klient\WarsztatV2_klient.csproj", "{F0027E0A-5477-4CD0-BCD2-8AD0C31EA4B0}"
EndProject
Project("{FAE04EC0-301F-11D3-BF4B-00C04F79EFBC}") = "BibliotekaKlas", "BibliotekaKlas\BibliotekaKlas.csproj", "{6602866E-1EBD-4EDD-A8E7-01546130FFAE}"
EndProject
Project("{FAE04EC0-301F-11D3-BF4B-00C04F79EFBC}") = "Serializacja", "Serialization\Serializacja.csproj", "{79E33833-93EA-4635-995A-D35CA07DEA35}"
EndProject
Global
	GlobalSection(SolutionConfigurationPlatforms) = preSolution
		Debug|Any CPU = Debug|Any CPU
		Release|Any CPU = Release|Any CPU
	EndGlobalSection
	GlobalSection(ProjectConfigurationPlatforms) = postSolution
		{D3ECCFBA-2BA5-4E7F-B610-09DD795BDF2E}.Debug|Any CPU.ActiveCfg = Debug|Any CPU
		{D3ECCFBA-2BA5-4E7F-B610-09DD795BDF2E}.Debug|Any CPU.Build.0 = Debug|Any CPU
		{D3ECCFBA-2BA5-4E7F-B610-09DD795BDF2E}.Release|Any CPU.ActiveCfg = Release|Any CPU
		{D3ECCFBA-2BA5-4E7F-B610-09DD795BDF2E}.Release|Any CPU.Build.0 = Release|Any CPU
		{F0027E0A-5477-4CD0-BCD2-8AD0C31EA4B0}.Debug|Any CPU.ActiveCfg = Debug|Any CPU
		{F0027E0A-5477-4CD0-BCD2-8AD0C31EA4B0}.Debug|Any CPU.Build.0 = Debug|Any CPU
		{F0027E0A-5477-4CD0-BCD2-8AD0C31EA4B0}.Release|Any CPU.ActiveCfg = Release|Any CPU
		{F0027E0A-5477-4CD0-BCD2-8AD0C31EA4B0}.Release|Any CPU.Build.0 = Release|Any CPU
		{6602866E-1EBD-4EDD-A8E7-01546130FFAE}.Debug|Any CPU.ActiveCfg = Debug|Any CPU
		{6602866E-1EBD-4EDD-A8E7-01546130FFAE}.Debug|Any CPU.Build.0 = Debug|Any CPU
		{6602866E-1EBD-4EDD-A8E7-01546130FFAE}.Release|Any CPU.ActiveCfg = Release|Any CPU
		{6602866E-1EBD-4EDD-A8E7-01546130FFAE}.Release|Any CPU.Build.0 = Release|Any CPU
		{79E33833-93EA-4635-995A-D35CA07DEA35}.Debug|Any CPU.ActiveCfg = Debug|Any CPU
		{79E33833-93EA-4635-995A-D35CA07DEA35}.Debug|Any CPU.Build.0 = Debug|Any CPU
		{79E33833-93EA-4635-995A-D35CA07DEA35}.Release|Any CPU.ActiveCfg = Release|Any CPU
		{79E33833-93EA-4635-995A-D35CA07DEA35}.Release|Any CPU.Build.0 = Release|Any CPU
	EndGlobalSection
	GlobalSection(SolutionProperties) = preSolution
		HideSolutionNode = FALSE
	EndGlobalSection
	GlobalSection(ExtensibilityGlobals) = postSolution
		SolutionGuid = {EAFFFAF4-9722-4586-A587-B40A0D93550A}
	EndGlobalSection
EndGlobal
